PODS:
  - FBSDKCoreKit (5.15.0):
    - FBSDKCoreKit/Basics (= 5.15.0)
    - FBSDKCoreKit/Core (= 5.15.0)
  - FBSDKCoreKit/Basics (5.15.0)
  - FBSDKCoreKit/Core (5.15.0):
    - FBSDKCoreKit/Basics
  - FBSDKLoginKit (5.15.0):
    - FBSDKLoginKit/Login (= 5.15.0)
  - FBSDKLoginKit/Login (5.15.0):
    - FBSDKCoreKit (~> 5.0)
  - FBSDKShareKit (5.15.0):
    - FBSDKShareKit/Share (= 5.15.0)
  - FBSDKShareKit/Share (5.15.0):
    - FBSDKCoreKit (~> 5.0)

DEPENDENCIES:
  - FBSDKCoreKit (= 5.15.0)
  - FBSDKLoginKit (= 5.15.0)
  - FBSDKShareKit (= 5.15.0)

SPEC REPOS:
  trunk:
    - FBSDKCoreKit
    - FBSDKLoginKit
    - FBSDKShareKit

SPEC CHECKSUMS:
  FBSDKCoreKit: 083ba8c8e37939c0b4c84250654c9be0aef0c2f8
  FBSDKLoginKit: bd40354a96e4718765713ef225bc368f10dc395d
  FBSDKShareKit: 23bad745329f966836f9a2493f86fc7c092b02e6

PODFILE CHECKSUM: bc280fadd4ee34dd89573d8f90e36f2bc0414f2b

COCOAPODS: 1.8.4
